// !$*UTF8*$!
{
	archiveVersion = 1;
	classes = {
	};
	objectVersion = 56;
	objects = {

/* Begin PBXBuildFile section */
		B859B8802B92474700B3145C /* GasStation.swift in Sources */ = {isa = PBXBuildFile; fileRef = B859B87F2B92474700B3145C /* GasStation.swift */; };
		B859B8822B92475800B3145C /* Service.swift in Sources */ = {isa = PBXBuildFile; fileRef = B859B8812B92475800B3145C /* Service.swift */; };
		B859B8842B92476C00B3145C /* UserType.swift in Sources */ = {isa = PBXBuildFile; fileRef = B859B8832B92476C00B3145C /* UserType.swift */; };
		B859B8862B924D7500B3145C /* OnboardingData.swift in Sources */ = {isa = PBXBuildFile; fileRef = B859B8852B924D7500B3145C /* OnboardingData.swift */; };
		B859B8882B924DA800B3145C /* OnboardingView.swift in Sources */ = {isa = PBXBuildFile; fileRef = B859B8872B924DA800B3145C /* OnboardingView.swift */; };
		B859B88B2B924E6000B3145C /* CustomButton.swift in Sources */ = {isa = PBXBuildFile; fileRef = B859B88A2B924E6000B3145C /* CustomButton.swift */; };
		B859B88E2B9250FD00B3145C /* TextColorExtension.swift in Sources */ = {isa = PBXBuildFile; fileRef = B859B88D2B9250FD00B3145C /* TextColorExtension.swift */; };
		B859B8902B92536700B3145C /* HexColorInput.swift in Sources */ = {isa = PBXBuildFile; fileRef = B859B88F2B92536700B3145C /* HexColorInput.swift */; };
		B859B8922B92541B00B3145C /* ButtonType.swift in Sources */ = {isa = PBXBuildFile; fileRef = B859B8912B92541B00B3145C /* ButtonType.swift */; };
		B859B8952B92591A00B3145C /* ContentView.swift in Sources */ = {isa = PBXBuildFile; fileRef = B859B8942B92591A00B3145C /* ContentView.swift */; };
		B859B8972B93118200B3145C /* IconTextField.swift in Sources */ = {isa = PBXBuildFile; fileRef = B859B8962B93118200B3145C /* IconTextField.swift */; };
		B859B8992B93131200B3145C /* GrayLine.swift in Sources */ = {isa = PBXBuildFile; fileRef = B859B8982B93131200B3145C /* GrayLine.swift */; };
		B885BAC82B7BDCA400FBD924 /* GasGoApp.swift in Sources */ = {isa = PBXBuildFile; fileRef = B885BAC72B7BDCA400FBD924 /* GasGoApp.swift */; };
		B885BACA2B7BDCA400FBD924 /* SplashScreenView.swift in Sources */ = {isa = PBXBuildFile; fileRef = B885BAC92B7BDCA400FBD924 /* SplashScreenView.swift */; };
		B885BACC2B7BDCA500FBD924 /* Assets.xcassets in Resources */ = {isa = PBXBuildFile; fileRef = B885BACB2B7BDCA500FBD924 /* Assets.xcassets */; };
		B885BACF2B7BDCA500FBD924 /* Preview Assets.xcassets in Resources */ = {isa = PBXBuildFile; fileRef = B885BACE2B7BDCA500FBD924 /* Preview Assets.xcassets */; };
		B885BAD72B7BEEEB00FBD924 /* Stations.swift in Sources */ = {isa = PBXBuildFile; fileRef = B885BAD62B7BEEEB00FBD924 /* Stations.swift */; };
		B885BAD92B7C913500FBD924 /* Container.swift in Sources */ = {isa = PBXBuildFile; fileRef = B885BAD82B7C913500FBD924 /* Container.swift */; };
		B885BADB2B7C917900FBD924 /* Profile.swift in Sources */ = {isa = PBXBuildFile; fileRef = B885BADA2B7C917900FBD924 /* Profile.swift */; };
		B885BADD2B7C918400FBD924 /* Favorite.swift in Sources */ = {isa = PBXBuildFile; fileRef = B885BADC2B7C918400FBD924 /* Favorite.swift */; };
		B885BAE12B7C925400FBD924 /* Login.swift in Sources */ = {isa = PBXBuildFile; fileRef = B885BAE02B7C925400FBD924 /* Login.swift */; };
		B885BAE32B7C925E00FBD924 /* SignUp.swift in Sources */ = {isa = PBXBuildFile; fileRef = B885BAE22B7C925E00FBD924 /* SignUp.swift */; };
/* End PBXBuildFile section */

/* Begin PBXFileReference section */
		B859B87F2B92474700B3145C /* GasStation.swift */ = {isa = PBXFileReference; lastKnownFileType = sourcecode.swift; path = GasStation.swift; sourceTree = "<group>"; };
		B859B8812B92475800B3145C /* Service.swift */ = {isa = PBXFileReference; lastKnownFileType = sourcecode.swift; path = Service.swift; sourceTree = "<group>"; };
		B859B8832B92476C00B3145C /* UserType.swift */ = {isa = PBXFileReference; lastKnownFileType = sourcecode.swift; path = UserType.swift; sourceTree = "<group>"; };
		B859B8852B924D7500B3145C /* OnboardingData.swift */ = {isa = PBXFileReference; lastKnownFileType = sourcecode.swift; path = OnboardingData.swift; sourceTree = "<group>"; };
		B859B8872B924DA800B3145C /* OnboardingView.swift */ = {isa = PBXFileReference; lastKnownFileType = sourcecode.swift; path = OnboardingView.swift; sourceTree = "<group>"; };
		B859B88A2B924E6000B3145C /* CustomButton.swift */ = {isa = PBXFileReference; lastKnownFileType = sourcecode.swift; path = CustomButton.swift; sourceTree = "<group>"; };
		B859B88D2B9250FD00B3145C /* TextColorExtension.swift */ = {isa = PBXFileReference; lastKnownFileType = sourcecode.swift; path = TextColorExtension.swift; sourceTree = "<group>"; };
		B859B88F2B92536700B3145C /* HexColorInput.swift */ = {isa = PBXFileReference; lastKnownFileType = sourcecode.swift; path = HexColorInput.swift; sourceTree = "<group>"; };
		B859B8912B92541B00B3145C /* ButtonType.swift */ = {isa = PBXFileReference; lastKnownFileType = sourcecode.swift; path = ButtonType.swift; sourceTree = "<group>"; };
		B859B8942B92591A00B3145C /* ContentView.swift */ = {isa = PBXFileReference; lastKnownFileType = sourcecode.swift; path = ContentView.swift; sourceTree = "<group>"; };
		B859B8962B93118200B3145C /* IconTextField.swift */ = {isa = PBXFileReference; lastKnownFileType = sourcecode.swift; path = IconTextField.swift; sourceTree = "<group>"; };
		B859B8982B93131200B3145C /* GrayLine.swift */ = {isa = PBXFileReference; lastKnownFileType = sourcecode.swift; path = GrayLine.swift; sourceTree = "<group>"; };
		B885BAC42B7BDCA400FBD924 /* GasGo.app */ = {isa = PBXFileReference; explicitFileType = wrapper.application; includeInIndex = 0; path = GasGo.app; sourceTree = BUILT_PRODUCTS_DIR; };
		B885BAC72B7BDCA400FBD924 /* GasGoApp.swift */ = {isa = PBXFileReference; lastKnownFileType = sourcecode.swift; path = GasGoApp.swift; sourceTree = "<group>"; };
		B885BAC92B7BDCA400FBD924 /* SplashScreenView.swift */ = {isa = PBXFileReference; lastKnownFileType = sourcecode.swift; path = SplashScreenView.swift; sourceTree = "<group>"; };
		B885BACB2B7BDCA500FBD924 /* Assets.xcassets */ = {isa = PBXFileReference; lastKnownFileType = folder.assetcatalog; path = Assets.xcassets; sourceTree = "<group>"; };
		B885BACE2B7BDCA500FBD924 /* Preview Assets.xcassets */ = {isa = PBXFileReference; lastKnownFileType = folder.assetcatalog; path = "Preview Assets.xcassets"; sourceTree = "<group>"; };
		B885BAD62B7BEEEB00FBD924 /* Stations.swift */ = {isa = PBXFileReference; lastKnownFileType = sourcecode.swift; path = Stations.swift; sourceTree = "<group>"; };
		B885BAD82B7C913500FBD924 /* Container.swift */ = {isa = PBXFileReference; lastKnownFileType = sourcecode.swift; path = Container.swift; sourceTree = "<group>"; };
		B885BADA2B7C917900FBD924 /* Profile.swift */ = {isa = PBXFileReference; lastKnownFileType = sourcecode.swift; path = Profile.swift; sourceTree = "<group>"; };
		B885BADC2B7C918400FBD924 /* Favorite.swift */ = {isa = PBXFileReference; lastKnownFileType = sourcecode.swift; path = Favorite.swift; sourceTree = "<group>"; };
		B885BAE02B7C925400FBD924 /* Login.swift */ = {isa = PBXFileReference; lastKnownFileType = sourcecode.swift; path = Login.swift; sourceTree = "<group>"; };
		B885BAE22B7C925E00FBD924 /* SignUp.swift */ = {isa = PBXFileReference; lastKnownFileType = sourcecode.swift; path = SignUp.swift; sourceTree = "<group>"; };
/* End PBXFileReference section */

/* Begin PBXFrameworksBuildPhase section */
		B885BAC12B7BDCA400FBD924 /* Frameworks */ = {
			isa = PBXFrameworksBuildPhase;
			buildActionMask = 2147483647;
			files = (
			);
			runOnlyForDeploymentPostprocessing = 0;
		};
/* End PBXFrameworksBuildPhase section */

/* Begin PBXGroup section */
		B859B8892B924E4B00B3145C /* Components */ = {
			isa = PBXGroup;
			children = (
				B859B88A2B924E6000B3145C /* CustomButton.swift */,
				B859B8962B93118200B3145C /* IconTextField.swift */,
				B859B8982B93131200B3145C /* GrayLine.swift */,
			);
			path = Components;
			sourceTree = "<group>";
		};
		B859B88C2B9250D500B3145C /* Extensions */ = {
			isa = PBXGroup;
			children = (
				B859B88D2B9250FD00B3145C /* TextColorExtension.swift */,
				B859B88F2B92536700B3145C /* HexColorInput.swift */,
			);
			path = Extensions;
			sourceTree = "<group>";
		};
		B859B8932B92546700B3145C /* Enums */ = {
			isa = PBXGroup;
			children = (
				B859B8912B92541B00B3145C /* ButtonType.swift */,
				B859B8832B92476C00B3145C /* UserType.swift */,
			);
			path = Enums;
			sourceTree = "<group>";
		};
		B885BABB2B7BDCA400FBD924 = {
			isa = PBXGroup;
			children = (
				B885BAC62B7BDCA400FBD924 /* GasGo */,
				B885BAC52B7BDCA400FBD924 /* Products */,
			);
			sourceTree = "<group>";
		};
		B885BAC52B7BDCA400FBD924 /* Products */ = {
			isa = PBXGroup;
			children = (
				B885BAC42B7BDCA400FBD924 /* GasGo.app */,
			);
			name = Products;
			sourceTree = "<group>";
		};
		B885BAC62B7BDCA400FBD924 /* GasGo */ = {
			isa = PBXGroup;
			children = (
				B859B88C2B9250D500B3145C /* Extensions */,
				B859B8892B924E4B00B3145C /* Components */,
				B885BAE52B7C92CF00FBD924 /* Models */,
				B885BAE42B7C92A100FBD924 /* Services */,
				B885BAD52B7BDF4C00FBD924 /* Views */,
				B885BAC72B7BDCA400FBD924 /* GasGoApp.swift */,
				B885BACB2B7BDCA500FBD924 /* Assets.xcassets */,
				B885BACD2B7BDCA500FBD924 /* Preview Content */,
			);
			path = GasGo;
			sourceTree = "<group>";
		};
		B885BACD2B7BDCA500FBD924 /* Preview Content */ = {
			isa = PBXGroup;
			children = (
				B885BACE2B7BDCA500FBD924 /* Preview Assets.xcassets */,
			);
			path = "Preview Content";
			sourceTree = "<group>";
		};
		B885BAD52B7BDF4C00FBD924 /* Views */ = {
			isa = PBXGroup;
			children = (
				B885BADF2B7C924A00FBD924 /* Auth */,
				B885BADE2B7C923300FBD924 /* UI */,
				B885BAD82B7C913500FBD924 /* Container.swift */,
				B885BAC92B7BDCA400FBD924 /* SplashScreenView.swift */,
			);
			path = Views;
			sourceTree = "<group>";
		};
		B885BADE2B7C923300FBD924 /* UI */ = {
			isa = PBXGroup;
			children = (
				B885BAD62B7BEEEB00FBD924 /* Stations.swift */,
				B885BADA2B7C917900FBD924 /* Profile.swift */,
				B885BADC2B7C918400FBD924 /* Favorite.swift */,
				B859B8872B924DA800B3145C /* OnboardingView.swift */,
				B859B8942B92591A00B3145C /* ContentView.swift */,
			);
			path = UI;
			sourceTree = "<group>";
		};
		B885BADF2B7C924A00FBD924 /* Auth */ = {
			isa = PBXGroup;
			children = (
				B885BAE02B7C925400FBD924 /* Login.swift */,
				B885BAE22B7C925E00FBD924 /* SignUp.swift */,
			);
			path = Auth;
			sourceTree = "<group>";
		};
		B885BAE42B7C92A100FBD924 /* Services */ = {
			isa = PBXGroup;
			children = (
				B885BAE62B7C933C00FBD924 /* Auth */,
			);
			path = Services;
			sourceTree = "<group>";
		};
		B885BAE52B7C92CF00FBD924 /* Models */ = {
			isa = PBXGroup;
			children = (
				B859B8932B92546700B3145C /* Enums */,
				B859B87F2B92474700B3145C /* GasStation.swift */,
				B859B8812B92475800B3145C /* Service.swift */,
				B859B8852B924D7500B3145C /* OnboardingData.swift */,
			);
			path = Models;
			sourceTree = "<group>";
		};
		B885BAE62B7C933C00FBD924 /* Auth */ = {
			isa = PBXGroup;
			children = (
			);
			path = Auth;
			sourceTree = "<group>";
		};
/* End PBXGroup section */

/* Begin PBXNativeTarget section */
		B885BAC32B7BDCA400FBD924 /* GasGo */ = {
			isa = PBXNativeTarget;
			buildConfigurationList = B885BAD22B7BDCA500FBD924 /* Build configuration list for PBXNativeTarget "GasGo" */;
			buildPhases = (
				B885BAC02B7BDCA400FBD924 /* Sources */,
				B885BAC12B7BDCA400FBD924 /* Frameworks */,
				B885BAC22B7BDCA400FBD924 /* Resources */,
			);
			buildRules = (
			);
			dependencies = (
			);
			name = GasGo;
			productName = GasGo;
			productReference = B885BAC42B7BDCA400FBD924 /* GasGo.app */;
			productType = "com.apple.product-type.application";
		};
/* End PBXNativeTarget section */

/* Begin PBXProject section */
		B885BABC2B7BDCA400FBD924 /* Project object */ = {
			isa = PBXProject;
			attributes = {
				BuildIndependentTargetsInParallel = 1;
				LastSwiftUpdateCheck = 1520;
				LastUpgradeCheck = 1520;
				TargetAttributes = {
					B885BAC32B7BDCA400FBD924 = {
						CreatedOnToolsVersion = 15.2;
					};
				};
			};
			buildConfigurationList = B885BABF2B7BDCA400FBD924 /* Build configuration list for PBXProject "GasGo" */;
			compatibilityVersion = "Xcode 14.0";
			developmentRegion = en;
			hasScannedForEncodings = 0;
			knownRegions = (
				en,
				Base,
			);
			mainGroup = B885BABB2B7BDCA400FBD924;
			productRefGroup = B885BAC52B7BDCA400FBD924 /* Products */;
			projectDirPath = "";
			projectRoot = "";
			targets = (
				B885BAC32B7BDCA400FBD924 /* GasGo */,
			);
		};
/* End PBXProject section */

/* Begin PBXResourcesBuildPhase section */
		B885BAC22B7BDCA400FBD924 /* Resources */ = {
			isa = PBXResourcesBuildPhase;
			buildActionMask = 2147483647;
			files = (
				B885BACF2B7BDCA500FBD924 /* Preview Assets.xcassets in Resources */,
				B885BACC2B7BDCA500FBD924 /* Assets.xcassets in Resources */,
			);
			runOnlyForDeploymentPostprocessing = 0;
		};
/* End PBXResourcesBuildPhase section */

/* Begin PBXSourcesBuildPhase section */
		B885BAC02B7BDCA400FBD924 /* Sources */ = {
			isa = PBXSourcesBuildPhase;
			buildActionMask = 2147483647;
			files = (
				B859B8862B924D7500B3145C /* OnboardingData.swift in Sources */,
				B885BAE12B7C925400FBD924 /* Login.swift in Sources */,
				B859B8902B92536700B3145C /* HexColorInput.swift in Sources */,
				B859B8842B92476C00B3145C /* UserType.swift in Sources */,
				B859B8802B92474700B3145C /* GasStation.swift in Sources */,
				B859B88B2B924E6000B3145C /* CustomButton.swift in Sources */,
				B885BACA2B7BDCA400FBD924 /* SplashScreenView.swift in Sources */,
				B885BADB2B7C917900FBD924 /* Profile.swift in Sources */,
				B885BAD92B7C913500FBD924 /* Container.swift in Sources */,
				B885BADD2B7C918400FBD924 /* Favorite.swift in Sources */,
				B885BAE32B7C925E00FBD924 /* SignUp.swift in Sources */,
				B859B88E2B9250FD00B3145C /* TextColorExtension.swift in Sources */,
				B859B8992B93131200B3145C /* GrayLine.swift in Sources */,
				B859B8972B93118200B3145C /* IconTextField.swift in Sources */,
				B859B8822B92475800B3145C /* Service.swift in Sources */,
				B859B8922B92541B00B3145C /* ButtonType.swift in Sources */,
				B859B8952B92591A00B3145C /* ContentView.swift in Sources */,
				B885BAC82B7BDCA400FBD924 /* GasGoApp.swift in Sources */,
				B859B8882B924DA800B3145C /* OnboardingView.swift in Sources */,
				B885BAD72B7BEEEB00FBD924 /* Stations.swift in Sources */,
			);
			runOnlyForDeploymentPostprocessing = 0;
		};
/* End PBXSourcesBuildPhase section */

/* Begin XCBuildConfiguration section */
		B885BAD02B7BDCA500FBD924 /* Debug */ = {
			isa = XCBuildConfiguration;
			buildSettings = {
				ALWAYS_SEARCH_USER_PATHS = NO;
				ASSETCATALOG_COMPILER_GENERATE_SWIFT_ASSET_SYMBOL_EXTENSIONS = YES;
				CLANG_ANALYZER_NONNULL = YES;
				CLANG_ANALYZER_NUMBER_OBJECT_CONVERSION = YES_AGGRESSIVE;
				CLANG_CXX_LANGUAGE_STANDARD = "gnu++20";
				CLANG_ENABLE_MODULES = YES;
				CLANG_ENABLE_OBJC_ARC = YES;
				CLANG_ENABLE_OBJC_WEAK = YES;
				CLANG_WARN_BLOCK_CAPTURE_AUTORELEASING = YES;
				CLANG_WARN_BOOL_CONVERSION = YES;
				CLANG_WARN_COMMA = YES;
				CLANG_WARN_CONSTANT_CONVERSION = YES;
				CLANG_WARN_DEPRECATED_OBJC_IMPLEMENTATIONS = YES;
				CLANG_WARN_DIRECT_OBJC_ISA_USAGE = YES_ERROR;
				CLANG_WARN_DOCUMENTATION_COMMENTS = YES;
				CLANG_WARN_EMPTY_BODY = YES;
				CLANG_WARN_ENUM_CONVERSION = YES;
				CLANG_WARN_INFINITE_RECURSION = YES;
				CLANG_WARN_INT_CONVERSION = YES;
				CLANG_WARN_NON_LITERAL_NULL_CONVERSION = YES;
				CLANG_WARN_OBJC_IMPLICIT_RETAIN_SELF = YES;
				CLANG_WARN_OBJC_LITERAL_CONVERSION = YES;
				CLANG_WARN_OBJC_ROOT_CLASS = YES_ERROR;
				CLANG_WARN_QUOTED_INCLUDE_IN_FRAMEWORK_HEADER = YES;
				CLANG_WARN_RANGE_LOOP_ANALYSIS = YES;
				CLANG_WARN_STRICT_PROTOTYPES = YES;
				CLANG_WARN_SUSPICIOUS_MOVE = YES;
				CLANG_WARN_UNGUARDED_AVAILABILITY = YES_AGGRESSIVE;
				CLANG_WARN_UNREACHABLE_CODE = YES;
				CLANG_WARN__DUPLICATE_METHOD_MATCH = YES;
				COPY_PHASE_STRIP = NO;
				DEBUG_INFORMATION_FORMAT = dwarf;
				ENABLE_STRICT_OBJC_MSGSEND = YES;
				ENABLE_TESTABILITY = YES;
				ENABLE_USER_SCRIPT_SANDBOXING = YES;
				GCC_C_LANGUAGE_STANDARD = gnu17;
				GCC_DYNAMIC_NO_PIC = NO;
				GCC_NO_COMMON_BLOCKS = YES;
				GCC_OPTIMIZATION_LEVEL = 0;
				GCC_PREPROCESSOR_DEFINITIONS = (
					"DEBUG=1",
					"$(inherited)",
				);
				GCC_WARN_64_TO_32_BIT_CONVERSION = YES;
				GCC_WARN_ABOUT_RETURN_TYPE = YES_ERROR;
				GCC_WARN_UNDECLARED_SELECTOR = YES;
				GCC_WARN_UNINITIALIZED_AUTOS = YES_AGGRESSIVE;
				GCC_WARN_UNUSED_FUNCTION = YES;
				GCC_WARN_UNUSED_VARIABLE = YES;
				IPHONEOS_DEPLOYMENT_TARGET = 17.2;
				LOCALIZATION_PREFERS_STRING_CATALOGS = YES;
				MTL_ENABLE_DEBUG_INFO = INCLUDE_SOURCE;
				MTL_FAST_MATH = YES;
				ONLY_ACTIVE_ARCH = YES;
				SDKROOT = iphoneos;
				SWIFT_ACTIVE_COMPILATION_CONDITIONS = "DEBUG $(inherited)";
				SWIFT_OPTIMIZATION_LEVEL = "-Onone";
			};
			name = Debug;
		};
		B885BAD12B7BDCA500FBD924 /* Release */ = {
			isa = XCBuildConfiguration;
			buildSettings = {
				ALWAYS_SEARCH_USER_PATHS = NO;
				ASSETCATALOG_COMPILER_GENERATE_SWIFT_ASSET_SYMBOL_EXTENSIONS = YES;
				CLANG_ANALYZER_NONNULL = YES;
				CLANG_ANALYZER_NUMBER_OBJECT_CONVERSION = YES_AGGRESSIVE;
				CLANG_CXX_LANGUAGE_STANDARD = "gnu++20";
				CLANG_ENABLE_MODULES = YES;
				CLANG_ENABLE_OBJC_ARC = YES;
				CLANG_ENABLE_OBJC_WEAK = YES;
				CLANG_WARN_BLOCK_CAPTURE_AUTORELEASING = YES;
				CLANG_WARN_BOOL_CONVERSION = YES;
				CLANG_WARN_COMMA = YES;
				CLANG_WARN_CONSTANT_CONVERSION = YES;
				CLANG_WARN_DEPRECATED_OBJC_IMPLEMENTATIONS = YES;
				CLANG_WARN_DIRECT_OBJC_ISA_USAGE = YES_ERROR;
				CLANG_WARN_DOCUMENTATION_COMMENTS = YES;
				CLANG_WARN_EMPTY_BODY = YES;
				CLANG_WARN_ENUM_CONVERSION = YES;
				CLANG_WARN_INFINITE_RECURSION = YES;
				CLANG_WARN_INT_CONVERSION = YES;
				CLANG_WARN_NON_LITERAL_NULL_CONVERSION = YES;
				CLANG_WARN_OBJC_IMPLICIT_RETAIN_SELF = YES;
				CLANG_WARN_OBJC_LITERAL_CONVERSION = YES;
				CLANG_WARN_OBJC_ROOT_CLASS = YES_ERROR;
				CLANG_WARN_QUOTED_INCLUDE_IN_FRAMEWORK_HEADER = YES;
				CLANG_WARN_RANGE_LOOP_ANALYSIS = YES;
				CLANG_WARN_STRICT_PROTOTYPES = YES;
				CLANG_WARN_SUSPICIOUS_MOVE = YES;
				CLANG_WARN_UNGUARDED_AVAILABILITY = YES_AGGRESSIVE;
				CLANG_WARN_UNREACHABLE_CODE = YES;
				CLANG_WARN__DUPLICATE_METHOD_MATCH = YES;
				COPY_PHASE_STRIP = NO;
				DEBUG_INFORMATION_FORMAT = "dwarf-with-dsym";
				ENABLE_NS_ASSERTIONS = NO;
				ENABLE_STRICT_OBJC_MSGSEND = YES;
				ENABLE_USER_SCRIPT_SANDBOXING = YES;
				GCC_C_LANGUAGE_STANDARD = gnu17;
				GCC_NO_COMMON_BLOCKS = YES;
				GCC_WARN_64_TO_32_BIT_CONVERSION = YES;
				GCC_WARN_ABOUT_RETURN_TYPE = YES_ERROR;
				GCC_WARN_UNDECLARED_SELECTOR = YES;
				GCC_WARN_UNINITIALIZED_AUTOS = YES_AGGRESSIVE;
				GCC_WARN_UNUSED_FUNCTION = YES;
				GCC_WARN_UNUSED_VARIABLE = YES;
				IPHONEOS_DEPLOYMENT_TARGET = 17.2;
				LOCALIZATION_PREFERS_STRING_CATALOGS = YES;
				MTL_ENABLE_DEBUG_INFO = NO;
				MTL_FAST_MATH = YES;
				SDKROOT = iphoneos;
				SWIFT_COMPILATION_MODE = wholemodule;
				VALIDATE_PRODUCT = YES;
			};
			name = Release;
		};
		B885BAD32B7BDCA500FBD924 /* Debug */ = {
			isa = XCBuildConfiguration;
			buildSettings = {
				ASSETCATALOG_COMPILER_APPICON_NAME = AppIcon;
				ASSETCATALOG_COMPILER_GLOBAL_ACCENT_COLOR_NAME = AccentColor;
				CODE_SIGN_STYLE = Automatic;
				CURRENT_PROJECT_VERSION = 1;
				DEVELOPMENT_ASSET_PATHS = "\"GasGo/Preview Content\"";
				DEVELOPMENT_TEAM = N5C4229YSA;
				ENABLE_PREVIEWS = YES;
				GENERATE_INFOPLIST_FILE = YES;
				INFOPLIST_KEY_UIApplicationSceneManifest_Generation = YES;
				INFOPLIST_KEY_UIApplicationSupportsIndirectInputEvents = YES;
				INFOPLIST_KEY_UILaunchScreen_Generation = YES;
				INFOPLIST_KEY_UISupportedInterfaceOrientations_iPad = "UIInterfaceOrientationPortrait UIInterfaceOrientationPortraitUpsideDown UIInterfaceOrientationLandscapeLeft UIInterfaceOrientationLandscapeRight";
				INFOPLIST_KEY_UISupportedInterfaceOrientations_iPhone = "UIInterfaceOrientationPortrait UIInterfaceOrientationLandscapeLeft UIInterfaceOrientationLandscapeRight";
				LD_RUNPATH_SEARCH_PATHS = (
					"$(inherited)",
					"@executable_path/Frameworks",
				);
				MARKETING_VERSION = 1.0;
				PRODUCT_BUNDLE_IDENTIFIER = none.GasGo;
				PRODUCT_NAME = "$(TARGET_NAME)";
				SWIFT_EMIT_LOC_STRINGS = YES;
				SWIFT_VERSION = 5.0;
				TARGETED_DEVICE_FAMILY = "1,2";
			};
			name = Debug;
		};
		B885BAD42B7BDCA500FBD924 /* Release */ = {
			isa = XCBuildConfiguration;
			buildSettings = {
				ASSETCATALOG_COMPILER_APPICON_NAME = AppIcon;
				ASSETCATALOG_COMPILER_GLOBAL_ACCENT_COLOR_NAME = AccentColor;
				CODE_SIGN_STYLE = Automatic;
				CURRENT_PROJECT_VERSION = 1;
				DEVELOPMENT_ASSET_PATHS = "\"GasGo/Preview Content\"";
				DEVELOPMENT_TEAM = N5C4229YSA;
				ENABLE_PREVIEWS = YES;
				GENERATE_INFOPLIST_FILE = YES;
				INFOPLIST_KEY_UIApplicationSceneManifest_Generation = YES;
				INFOPLIST_KEY_UIApplicationSupportsIndirectInputEvents = YES;
				INFOPLIST_KEY_UILaunchScreen_Generation = YES;
				INFOPLIST_KEY_UISupportedInterfaceOrientations_iPad = "UIInterfaceOrientationPortrait UIInterfaceOrientationPortraitUpsideDown UIInterfaceOrientationLandscapeLeft UIInterfaceOrientationLandscapeRight";
				INFOPLIST_KEY_UISupportedInterfaceOrientations_iPhone = "UIInterfaceOrientationPortrait UIInterfaceOrientationLandscapeLeft UIInterfaceOrientationLandscapeRight";
				LD_RUNPATH_SEARCH_PATHS = (
					"$(inherited)",
					"@executable_path/Frameworks",
				);
				MARKETING_VERSION = 1.0;
				PRODUCT_BUNDLE_IDENTIFIER = none.GasGo;
				PRODUCT_NAME = "$(TARGET_NAME)";
				SWIFT_EMIT_LOC_STRINGS = YES;
				SWIFT_VERSION = 5.0;
				TARGETED_DEVICE_FAMILY = "1,2";
			};
			name = Release;
		};
/* End XCBuildConfiguration section */

/* Begin XCConfigurationList section */
		B885BABF2B7BDCA400FBD924 /* Build configuration list for PBXProject "GasGo" */ = {
			isa = XCConfigurationList;
			buildConfigurations = (
				B885BAD02B7BDCA500FBD924 /* Debug */,
				B885BAD12B7BDCA500FBD924 /* Release */,
			);
			defaultConfigurationIsVisible = 0;
			defaultConfigurationName = Release;
		};
		B885BAD22B7BDCA500FBD924 /* Build configuration list for PBXNativeTarget "GasGo" */ = {
			isa = XCConfigurationList;
			buildConfigurations = (
				B885BAD32B7BDCA500FBD924 /* Debug */,
				B885BAD42B7BDCA500FBD924 /* Release */,
			);
			defaultConfigurationIsVisible = 0;
			defaultConfigurationName = Release;
		};
/* End XCConfigurationList section */
	};
	rootObject = B885BABC2B7BDCA400FBD924 /* Project object */;
}
